
Microsoft Visual Studio Solution File, Format Version 12.00
# Visual Studio 15
VisualStudioVersion = 15.0.28307.572
MinimumVisualStudioVersion = 10.0.40219.1
Project("{FAE04EC0-301F-11D3-BF4B-00C04F79EFBC}") = "UnlockDrillFromRig", "UnlockDrillFromRig\UnlockDrillFromRig.csproj", "{0EF7580C-3440-423F-A6CF-326D2EB19E8D}"
EndProject
Global
	GlobalSection(SolutionConfigurationPlatforms) = preSolution
		Debug|x64 = Debug|x64
	EndGlobalSection
	GlobalSection(ProjectConfigurationPlatforms) = postSolution
		{0EF7580C-3440-423F-A6CF-326D2EB19E8D}.Debug|x64.ActiveCfg = Debug|x64
		{0EF7580C-3440-423F-A6CF-326D2EB19E8D}.Debug|x64.Build.0 = Debug|x64
	EndGlobalSection
	GlobalSection(SolutionProperties) = preSolution
		HideSolutionNode = FALSE
	EndGlobalSection
	GlobalSection(ExtensibilityGlobals) = postSolution
		SolutionGuid = {8BAAAFF0-9EFB-4DCF-8D70-2B5D7FB322C0}
	EndGlobalSection
EndGlobal
