
Microsoft Visual Studio Solution File, Format Version 12.00
# Visual Studio 15
VisualStudioVersion = 15.0.28307.572
MinimumVisualStudioVersion = 10.0.40219.1
Project("{FAE04EC0-301F-11D3-BF4B-00C04F79EFBC}") = "EypoSEScript", "EypoSEScript\EypoSEScript.csproj", "{A0E3031E-608A-44BF-A6B6-1C0FC413A108}"
EndProject
Global
	GlobalSection(SolutionConfigurationPlatforms) = preSolution
		Debug|x64 = Debug|x64
	EndGlobalSection
	GlobalSection(ProjectConfigurationPlatforms) = postSolution
		{A0E3031E-608A-44BF-A6B6-1C0FC413A108}.Debug|x64.ActiveCfg = Debug|x64
		{A0E3031E-608A-44BF-A6B6-1C0FC413A108}.Debug|x64.Build.0 = Debug|x64
	EndGlobalSection
	GlobalSection(SolutionProperties) = preSolution
		HideSolutionNode = FALSE
	EndGlobalSection
	GlobalSection(ExtensibilityGlobals) = postSolution
		SolutionGuid = {CF10159C-2230-4D47-BC9B-26411D420023}
	EndGlobalSection
EndGlobal
